{
  "pins" : [
    {
      "identity" : "alamofire",
      "kind" : "remoteSourceControl",
      "location" : "https://github.com/Alamofire/Alamofire.git",
      "state" : {
        "revision" : "78424be314842833c04bc3bef5b72e85fff99204",
        "version" : "5.6.4"
      }
    },
    {
      "identity" : "floatingpanel",
      "kind" : "remoteSourceControl",
      "location" : "https://github.com/scenee/FloatingPanel.git",
      "state" : {
        "revision" : "4ab7d260301ddf1cab5376ea14e285a128f5ba39",
        "version" : "2.5.5"
      }
    },
    {
      "identity" : "iqkeyboardmanager",
      "kind" : "remoteSourceControl",
      "location" : "https://github.com/hackiftekhar/IQKeyboardManager.git",
      "state" : {
        "revision" : "1e442766a41e2948df25559eb03ab752c6d3aad0",
        "version" : "6.5.0"
      }
    },
    {
      "identity" : "nvactivityindicatorview",
      "kind" : "remoteSourceControl",
      "location" : "https://github.com/ninjaprox/NVActivityIndicatorView.git",
      "state" : {
        "revision" : "bcb52371f2259254bac6690f92bb474a61768c47",
        "version" : "5.1.1"
      }
    },
    {
      "identity" : "snapkit",
      "kind" : "remoteSourceControl",
      "location" : "https://github.com/SnapKit/SnapKit.git",
      "state" : {
        "revision" : "f222cbdf325885926566172f6f5f06af95473158",
        "version" : "5.6.0"
      }
    },
    {
      "identity" : "toast-swift",
      "kind" : "remoteSourceControl",
      "location" : "https://github.com/scalessec/Toast-Swift.git",
      "state" : {
        "revision" : "0c9493eeacb102cc614da385cfaaf475379f4ab4",
        "version" : "5.0.1"
      }
    }
  ],
  "version" : 2
}
